{
  "name": "sound-experiment",
  "version": "1.0.0",
  "lockfileVersion": 1,
  "requires": true,
  "dependencies": {
    "gauss-random": {
      "version": "1.0.1",
      "resolved": "https://registry.npmjs.org/gauss-random/-/gauss-random-1.0.1.tgz",
      "integrity": "sha1-lk1uMygd7i+5cUVXy3avY51CLB8="
    }
  }
}
